Microsoft Visual Studio Solution File, Format Version 12.00
# Visual Studio Version 18
VisualStudioVersion = 18.0.11222.15
MinimumVisualStudioVersion = 10.0.40219.1
Project("{2150E333-8FDC-42A3-9474-1A3956D46DE8}") = "src", "src", "{A9700B58-6E42-4F7C-B7F8-4CC4F87D97A1}"
EndProject
Project("{FAE04EC0-301F-11D3-BF4B-00C04F79EFBC}") = "PocketBase.Blazor", "src\PocketBase.Blazor\PocketBase.Blazor.csproj", "{4D55AD6B-18DE-8E28-87FE-FB170877E4A9}"
EndProject
Project("{2150E333-8FDC-42A3-9474-1A3956D46DE8}") = "tests", "tests", "{8948AFE3-5CC9-44E1-BFE8-4890FB79598B}"
EndProject
Project("{FAE04EC0-301F-11D3-BF4B-00C04F79EFBC}") = "PocketBase.Blazor.Tests", "tests\PocketBase.Blazor.Tests\PocketBase.Blazor.Tests.csproj", "{4966876A-D2CC-4C35-AFF1-72441ED504F4}"
EndProject
Project("{2150E333-8FDC-42A3-9474-1A3956D46DE8}") = "samples", "samples", "{6B481544-F04C-471F-8AC1-61F7304E9343}"
EndProject
Project("{FAE04EC0-301F-11D3-BF4B-00C04F79EFBC}") = "BlazorWasmSample", "samples\BlazorWasmSample\BlazorWasmSample.csproj", "{C7EEB18C-8DA1-4B50-B053-18748D69890B}"
EndProject
Project("{2150E333-8FDC-42A3-9474-1A3956D46DE8}") = "Solution Items", "Solution Items", "{F31D8B5A-BEF7-401D-9537-A872C0C8DB88}"
	ProjectSection(SolutionItems) = preProject
		.editorconfig = .editorconfig
		.gitattributes = .gitattributes
		.gitignore = .gitignore
		build-local.ps1 = build-local.ps1
		build-local.sh = build-local.sh
		global.json = global.json
		LICENSE = LICENSE
		README.md = README.md
	EndProjectSection
EndProject
Global
	GlobalSection(SolutionConfigurationPlatforms) = preSolution
		Debug|Any CPU = Debug|Any CPU
		Release|Any CPU = Release|Any CPU
	EndGlobalSection
	GlobalSection(ProjectConfigurationPlatforms) = postSolution
		{4D55AD6B-18DE-8E28-87FE-FB170877E4A9}.Debug|Any CPU.ActiveCfg = Debug|Any CPU
		{4D55AD6B-18DE-8E28-87FE-FB170877E4A9}.Debug|Any CPU.Build.0 = Debug|Any CPU
		{4D55AD6B-18DE-8E28-87FE-FB170877E4A9}.Release|Any CPU.ActiveCfg = Release|Any CPU
		{4D55AD6B-18DE-8E28-87FE-FB170877E4A9}.Release|Any CPU.Build.0 = Release|Any CPU
		{4966876A-D2CC-4C35-AFF1-72441ED504F4}.Debug|Any CPU.ActiveCfg = Debug|Any CPU
		{4966876A-D2CC-4C35-AFF1-72441ED504F4}.Debug|Any CPU.Build.0 = Debug|Any CPU
		{4966876A-D2CC-4C35-AFF1-72441ED504F4}.Release|Any CPU.ActiveCfg = Release|Any CPU
		{4966876A-D2CC-4C35-AFF1-72441ED504F4}.Release|Any CPU.Build.0 = Release|Any CPU
		{C7EEB18C-8DA1-4B50-B053-18748D69890B}.Debug|Any CPU.ActiveCfg = Debug|Any CPU
		{C7EEB18C-8DA1-4B50-B053-18748D69890B}.Debug|Any CPU.Build.0 = Debug|Any CPU
		{C7EEB18C-8DA1-4B50-B053-18748D69890B}.Release|Any CPU.ActiveCfg = Release|Any CPU
		{C7EEB18C-8DA1-4B50-B053-18748D69890B}.Release|Any CPU.Build.0 = Release|Any CPU
	EndGlobalSection
	GlobalSection(SolutionProperties) = preSolution
		HideSolutionNode = FALSE
	EndGlobalSection
	GlobalSection(NestedProjects) = preSolution
		{4D55AD6B-18DE-8E28-87FE-FB170877E4A9} = {A9700B58-6E42-4F7C-B7F8-4CC4F87D97A1}
		{4966876A-D2CC-4C35-AFF1-72441ED504F4} = {8948AFE3-5CC9-44E1-BFE8-4890FB79598B}
		{C7EEB18C-8DA1-4B50-B053-18748D69890B} = {6B481544-F04C-471F-8AC1-61F7304E9343}
	EndGlobalSection
	GlobalSection(ExtensibilityGlobals) = postSolution
		SolutionGuid = {67F0D6BE-20CB-40F0-B10F-AA7738B78C5E}
		        SolutionGuid = {F86EFA39-6E7F-4FCF-85FA-499D1F2B697B}
	EndGlobalSection
EndGlobal
